
Microsoft Visual Studio Solution File, Format Version 12.00
# Visual Studio Version 17
VisualStudioVersion = 17.7.34031.279
MinimumVisualStudioVersion = 10.0.40219.1
Project("{8BC9CEB8-8B4A-11D0-8D11-00A0C91BC942}") = "T318", "T318\T318.vcxproj", "{65782A12-EEE2-4E46-A907-E8568FD32F87}"
EndProject
Project("{8BC9CEB8-8B4A-11D0-8D11-00A0C91BC942}") = "Pointers", "Pointers\Pointers.vcxproj", "{14404DC4-9A09-46BD-9B17-E318B7C17A33}"
EndProject
Project("{8BC9CEB8-8B4A-11D0-8D11-00A0C91BC942}") = "Arrays", "Arrays\Arrays.vcxproj", "{0119B429-65BE-4756-84F5-3BAFA5F7756F}"
EndProject
Project("{8BC9CEB8-8B4A-11D0-8D11-00A0C91BC942}") = "DoubleArrays", "DoubleArrays\DoubleArrays.vcxproj", "{B6C1DBF5-7CC2-4984-941E-F4BA8382AFBC}"
EndProject
Project("{8BC9CEB8-8B4A-11D0-8D11-00A0C91BC942}") = "BinaryFiles", "BinaryFiles\BinaryFiles.vcxproj", "{8CE0ECAF-58F1-4949-BC92-B1DE535602AA}"
EndProject
Project("{8BC9CEB8-8B4A-11D0-8D11-00A0C91BC942}") = "LinkedList", "LinkedList\LinkedList.vcxproj", "{40364F1D-DB48-4EDB-91F1-51A683613EF2}"
EndProject
Project("{8BC9CEB8-8B4A-11D0-8D11-00A0C91BC942}") = "Hash", "Hash\Hash.vcxproj", "{0A60B889-C627-41D9-894F-D75066CAA15D}"
EndProject
Project("{8BC9CEB8-8B4A-11D0-8D11-00A0C91BC942}") = "Classeses", "Classeses\Classeses.vcxproj", "{DF9AF11F-0530-48F2-B400-488A2D1C93E9}"
EndProject
Global
	GlobalSection(SolutionConfigurationPlatforms) = preSolution
		Debug|x64 = Debug|x64
		Debug|x86 = Debug|x86
		Release|x64 = Release|x64
		Release|x86 = Release|x86
	EndGlobalSection
	GlobalSection(ProjectConfigurationPlatforms) = postSolution
		{65782A12-EEE2-4E46-A907-E8568FD32F87}.Debug|x64.ActiveCfg = Debug|x64
		{65782A12-EEE2-4E46-A907-E8568FD32F87}.Debug|x64.Build.0 = Debug|x64
		{65782A12-EEE2-4E46-A907-E8568FD32F87}.Debug|x86.ActiveCfg = Debug|Win32
		{65782A12-EEE2-4E46-A907-E8568FD32F87}.Debug|x86.Build.0 = Debug|Win32
		{65782A12-EEE2-4E46-A907-E8568FD32F87}.Release|x64.ActiveCfg = Release|x64
		{65782A12-EEE2-4E46-A907-E8568FD32F87}.Release|x64.Build.0 = Release|x64
		{65782A12-EEE2-4E46-A907-E8568FD32F87}.Release|x86.ActiveCfg = Release|Win32
		{65782A12-EEE2-4E46-A907-E8568FD32F87}.Release|x86.Build.0 = Release|Win32
		{14404DC4-9A09-46BD-9B17-E318B7C17A33}.Debug|x64.ActiveCfg = Debug|x64
		{14404DC4-9A09-46BD-9B17-E318B7C17A33}.Debug|x64.Build.0 = Debug|x64
		{14404DC4-9A09-46BD-9B17-E318B7C17A33}.Debug|x86.ActiveCfg = Debug|Win32
		{14404DC4-9A09-46BD-9B17-E318B7C17A33}.Debug|x86.Build.0 = Debug|Win32
		{14404DC4-9A09-46BD-9B17-E318B7C17A33}.Release|x64.ActiveCfg = Release|x64
		{14404DC4-9A09-46BD-9B17-E318B7C17A33}.Release|x64.Build.0 = Release|x64
		{14404DC4-9A09-46BD-9B17-E318B7C17A33}.Release|x86.ActiveCfg = Release|Win32
		{14404DC4-9A09-46BD-9B17-E318B7C17A33}.Release|x86.Build.0 = Release|Win32
		{0119B429-65BE-4756-84F5-3BAFA5F7756F}.Debug|x64.ActiveCfg = Debug|x64
		{0119B429-65BE-4756-84F5-3BAFA5F7756F}.Debug|x64.Build.0 = Debug|x64
		{0119B429-65BE-4756-84F5-3BAFA5F7756F}.Debug|x86.ActiveCfg = Debug|Win32
		{0119B429-65BE-4756-84F5-3BAFA5F7756F}.Debug|x86.Build.0 = Debug|Win32
		{0119B429-65BE-4756-84F5-3BAFA5F7756F}.Release|x64.ActiveCfg = Release|x64
		{0119B429-65BE-4756-84F5-3BAFA5F7756F}.Release|x64.Build.0 = Release|x64
		{0119B429-65BE-4756-84F5-3BAFA5F7756F}.Release|x86.ActiveCfg = Release|Win32
		{0119B429-65BE-4756-84F5-3BAFA5F7756F}.Release|x86.Build.0 = Release|Win32
		{B6C1DBF5-7CC2-4984-941E-F4BA8382AFBC}.Debug|x64.ActiveCfg = Debug|x64
		{B6C1DBF5-7CC2-4984-941E-F4BA8382AFBC}.Debug|x64.Build.0 = Debug|x64
		{B6C1DBF5-7CC2-4984-941E-F4BA8382AFBC}.Debug|x86.ActiveCfg = Debug|Win32
		{B6C1DBF5-7CC2-4984-941E-F4BA8382AFBC}.Debug|x86.Build.0 = Debug|Win32
		{B6C1DBF5-7CC2-4984-941E-F4BA8382AFBC}.Release|x64.ActiveCfg = Release|x64
		{B6C1DBF5-7CC2-4984-941E-F4BA8382AFBC}.Release|x64.Build.0 = Release|x64
		{B6C1DBF5-7CC2-4984-941E-F4BA8382AFBC}.Release|x86.ActiveCfg = Release|Win32
		{B6C1DBF5-7CC2-4984-941E-F4BA8382AFBC}.Release|x86.Build.0 = Release|Win32
		{8CE0ECAF-58F1-4949-BC92-B1DE535602AA}.Debug|x64.ActiveCfg = Debug|x64
		{8CE0ECAF-58F1-4949-BC92-B1DE535602AA}.Debug|x64.Build.0 = Debug|x64
		{8CE0ECAF-58F1-4949-BC92-B1DE535602AA}.Debug|x86.ActiveCfg = Debug|Win32
		{8CE0ECAF-58F1-4949-BC92-B1DE535602AA}.Debug|x86.Build.0 = Debug|Win32
		{8CE0ECAF-58F1-4949-BC92-B1DE535602AA}.Release|x64.ActiveCfg = Release|x64
		{8CE0ECAF-58F1-4949-BC92-B1DE535602AA}.Release|x64.Build.0 = Release|x64
		{8CE0ECAF-58F1-4949-BC92-B1DE535602AA}.Release|x86.ActiveCfg = Release|Win32
		{8CE0ECAF-58F1-4949-BC92-B1DE535602AA}.Release|x86.Build.0 = Release|Win32
		{40364F1D-DB48-4EDB-91F1-51A683613EF2}.Debug|x64.ActiveCfg = Debug|x64
		{40364F1D-DB48-4EDB-91F1-51A683613EF2}.Debug|x64.Build.0 = Debug|x64
		{40364F1D-DB48-4EDB-91F1-51A683613EF2}.Debug|x86.ActiveCfg = Debug|Win32
		{40364F1D-DB48-4EDB-91F1-51A683613EF2}.Debug|x86.Build.0 = Debug|Win32
		{40364F1D-DB48-4EDB-91F1-51A683613EF2}.Release|x64.ActiveCfg = Release|x64
		{40364F1D-DB48-4EDB-91F1-51A683613EF2}.Release|x64.Build.0 = Release|x64
		{40364F1D-DB48-4EDB-91F1-51A683613EF2}.Release|x86.ActiveCfg = Release|Win32
		{40364F1D-DB48-4EDB-91F1-51A683613EF2}.Release|x86.Build.0 = Release|Win32
		{0A60B889-C627-41D9-894F-D75066CAA15D}.Debug|x64.ActiveCfg = Debug|x64
		{0A60B889-C627-41D9-894F-D75066CAA15D}.Debug|x64.Build.0 = Debug|x64
		{0A60B889-C627-41D9-894F-D75066CAA15D}.Debug|x86.ActiveCfg = Debug|Win32
		{0A60B889-C627-41D9-894F-D75066CAA15D}.Debug|x86.Build.0 = Debug|Win32
		{0A60B889-C627-41D9-894F-D75066CAA15D}.Release|x64.ActiveCfg = Release|x64
		{0A60B889-C627-41D9-894F-D75066CAA15D}.Release|x64.Build.0 = Release|x64
		{0A60B889-C627-41D9-894F-D75066CAA15D}.Release|x86.ActiveCfg = Release|Win32
		{0A60B889-C627-41D9-894F-D75066CAA15D}.Release|x86.Build.0 = Release|Win32
		{DF9AF11F-0530-48F2-B400-488A2D1C93E9}.Debug|x64.ActiveCfg = Debug|x64
		{DF9AF11F-0530-48F2-B400-488A2D1C93E9}.Debug|x64.Build.0 = Debug|x64
		{DF9AF11F-0530-48F2-B400-488A2D1C93E9}.Debug|x86.ActiveCfg = Debug|Win32
		{DF9AF11F-0530-48F2-B400-488A2D1C93E9}.Debug|x86.Build.0 = Debug|Win32
		{DF9AF11F-0530-48F2-B400-488A2D1C93E9}.Release|x64.ActiveCfg = Release|x64
		{DF9AF11F-0530-48F2-B400-488A2D1C93E9}.Release|x64.Build.0 = Release|x64
		{DF9AF11F-0530-48F2-B400-488A2D1C93E9}.Release|x86.ActiveCfg = Release|Win32
		{DF9AF11F-0530-48F2-B400-488A2D1C93E9}.Release|x86.Build.0 = Release|Win32
	EndGlobalSection
	GlobalSection(SolutionProperties) = preSolution
		HideSolutionNode = FALSE
	EndGlobalSection
	GlobalSection(ExtensibilityGlobals) = postSolution
		SolutionGuid = {8D77FC9C-938B-4A70-A307-A91EAB49D133}
	EndGlobalSection
EndGlobal
