
Microsoft Visual Studio Solution File, Format Version 12.00
# Visual Studio Version 17
VisualStudioVersion = 17.7.34031.279
MinimumVisualStudioVersion = 10.0.40219.1
Project("{8BC9CEB8-8B4A-11D0-8D11-00A0C91BC942}") = "T318", "T318\T318.vcxproj", "{65782A12-EEE2-4E46-A907-E8568FD32F87}"
EndProject
Project("{8BC9CEB8-8B4A-11D0-8D11-00A0C91BC942}") = "Pointers", "Pointers\Pointers.vcxproj", "{14404DC4-9A09-46BD-9B17-E318B7C17A33}"
EndProject
Project("{8BC9CEB8-8B4A-11D0-8D11-00A0C91BC942}") = "Arrays", "Arrays\Arrays.vcxproj", "{0119B429-65BE-4756-84F5-3BAFA5F7756F}"
EndProject
Project("{8BC9CEB8-8B4A-11D0-8D11-00A0C91BC942}") = "DoubleArrays", "DoubleArrays\DoubleArrays.vcxproj", "{B6C1DBF5-7CC2-4984-941E-F4BA8382AFBC}"
EndProject
Project("{8BC9CEB8-8B4A-11D0-8D11-00A0C91BC942}") = "Classes", "Classes\Classes.vcxproj", "{18E014FB-853C-46AD-ADEF-96A84C583842}"
EndProject
Project("{8BC9CEB8-8B4A-11D0-8D11-00A0C91BC942}") = "BinaryFiles", "BinaryFiles\BinaryFiles.vcxproj", "{8CE0ECAF-58F1-4949-BC92-B1DE535602AA}"
EndProject
Project("{8BC9CEB8-8B4A-11D0-8D11-00A0C91BC942}") = "LinkedList", "LinkedList\LinkedList.vcxproj", "{40364F1D-DB48-4EDB-91F1-51A683613EF2}"
EndProject
Project("{8BC9CEB8-8B4A-11D0-8D11-00A0C91BC942}") = "Hash", "Hash\Hash.vcxproj", "{0A60B889-C627-41D9-894F-D75066CAA15D}"
EndProject
Project("{8BC9CEB8-8B4A-11D0-8D11-00A0C91BC942}") = "FirstForm", "FirstForm\FirstForm.vcxproj", "{37F3241A-F826-46A6-9901-0E544D2F99AE}"
EndProject
Project("{8BC9CEB8-8B4A-11D0-8D11-00A0C91BC942}") = "CLR_DLL_Project", "CLR_DLL_Project\CLR_DLL_Project.vcxproj", "{89F939AF-2250-4411-B178-66E1BA6576E1}"
EndProject
Project("{8BC9CEB8-8B4A-11D0-8D11-00A0C91BC942}") = "CLR_DLL", "CLR_DLL\CLR_DLL.vcxproj", "{BCB3B2F8-C3C6-42E4-93D4-BA5BE93E8A63}"
EndProject
Project("{8BC9CEB8-8B4A-11D0-8D11-00A0C91BC942}") = "PaintingProject", "PaintingProject\PaintingProject.vcxproj", "{C60B3BEA-C881-44F1-BDC5-F0A46B196BEA}"
EndProject
Project("{8BC9CEB8-8B4A-11D0-8D11-00A0C91BC942}") = "AnimeProject", "AnimeProject\AnimeProject.vcxproj", "{BCE7D78B-37F5-4DCF-93F8-3E069938FFD8}"
EndProject
Project("{8BC9CEB8-8B4A-11D0-8D11-00A0C91BC942}") = "BinaryTreeProject", "BinaryTreeProject\BinaryTreeProject.vcxproj", "{DC4C7BC3-036B-4C88-8C80-AD85A4E35B31}"
EndProject
Global
	GlobalSection(SolutionConfigurationPlatforms) = preSolution
		Debug|x64 = Debug|x64
		Debug|x86 = Debug|x86
		Release|x64 = Release|x64
		Release|x86 = Release|x86
	EndGlobalSection
	GlobalSection(ProjectConfigurationPlatforms) = postSolution
		{65782A12-EEE2-4E46-A907-E8568FD32F87}.Debug|x64.ActiveCfg = Debug|x64
		{65782A12-EEE2-4E46-A907-E8568FD32F87}.Debug|x64.Build.0 = Debug|x64
		{65782A12-EEE2-4E46-A907-E8568FD32F87}.Debug|x86.ActiveCfg = Debug|Win32
		{65782A12-EEE2-4E46-A907-E8568FD32F87}.Debug|x86.Build.0 = Debug|Win32
		{65782A12-EEE2-4E46-A907-E8568FD32F87}.Release|x64.ActiveCfg = Release|x64
		{65782A12-EEE2-4E46-A907-E8568FD32F87}.Release|x64.Build.0 = Release|x64
		{65782A12-EEE2-4E46-A907-E8568FD32F87}.Release|x86.ActiveCfg = Release|Win32
		{65782A12-EEE2-4E46-A907-E8568FD32F87}.Release|x86.Build.0 = Release|Win32
		{14404DC4-9A09-46BD-9B17-E318B7C17A33}.Debug|x64.ActiveCfg = Debug|x64
		{14404DC4-9A09-46BD-9B17-E318B7C17A33}.Debug|x64.Build.0 = Debug|x64
		{14404DC4-9A09-46BD-9B17-E318B7C17A33}.Debug|x86.ActiveCfg = Debug|Win32
		{14404DC4-9A09-46BD-9B17-E318B7C17A33}.Debug|x86.Build.0 = Debug|Win32
		{14404DC4-9A09-46BD-9B17-E318B7C17A33}.Release|x64.ActiveCfg = Release|x64
		{14404DC4-9A09-46BD-9B17-E318B7C17A33}.Release|x64.Build.0 = Release|x64
		{14404DC4-9A09-46BD-9B17-E318B7C17A33}.Release|x86.ActiveCfg = Release|Win32
		{14404DC4-9A09-46BD-9B17-E318B7C17A33}.Release|x86.Build.0 = Release|Win32
		{0119B429-65BE-4756-84F5-3BAFA5F7756F}.Debug|x64.ActiveCfg = Debug|x64
		{0119B429-65BE-4756-84F5-3BAFA5F7756F}.Debug|x64.Build.0 = Debug|x64
		{0119B429-65BE-4756-84F5-3BAFA5F7756F}.Debug|x86.ActiveCfg = Debug|Win32
		{0119B429-65BE-4756-84F5-3BAFA5F7756F}.Debug|x86.Build.0 = Debug|Win32
		{0119B429-65BE-4756-84F5-3BAFA5F7756F}.Release|x64.ActiveCfg = Release|x64
		{0119B429-65BE-4756-84F5-3BAFA5F7756F}.Release|x64.Build.0 = Release|x64
		{0119B429-65BE-4756-84F5-3BAFA5F7756F}.Release|x86.ActiveCfg = Release|Win32
		{0119B429-65BE-4756-84F5-3BAFA5F7756F}.Release|x86.Build.0 = Release|Win32
		{B6C1DBF5-7CC2-4984-941E-F4BA8382AFBC}.Debug|x64.ActiveCfg = Debug|x64
		{B6C1DBF5-7CC2-4984-941E-F4BA8382AFBC}.Debug|x64.Build.0 = Debug|x64
		{B6C1DBF5-7CC2-4984-941E-F4BA8382AFBC}.Debug|x86.ActiveCfg = Debug|Win32
		{B6C1DBF5-7CC2-4984-941E-F4BA8382AFBC}.Debug|x86.Build.0 = Debug|Win32
		{B6C1DBF5-7CC2-4984-941E-F4BA8382AFBC}.Release|x64.ActiveCfg = Release|x64
		{B6C1DBF5-7CC2-4984-941E-F4BA8382AFBC}.Release|x64.Build.0 = Release|x64
		{B6C1DBF5-7CC2-4984-941E-F4BA8382AFBC}.Release|x86.ActiveCfg = Release|Win32
		{B6C1DBF5-7CC2-4984-941E-F4BA8382AFBC}.Release|x86.Build.0 = Release|Win32
		{18E014FB-853C-46AD-ADEF-96A84C583842}.Debug|x64.ActiveCfg = Debug|x64
		{18E014FB-853C-46AD-ADEF-96A84C583842}.Debug|x64.Build.0 = Debug|x64
		{18E014FB-853C-46AD-ADEF-96A84C583842}.Debug|x86.ActiveCfg = Debug|Win32
		{18E014FB-853C-46AD-ADEF-96A84C583842}.Debug|x86.Build.0 = Debug|Win32
		{18E014FB-853C-46AD-ADEF-96A84C583842}.Release|x64.ActiveCfg = Release|x64
		{18E014FB-853C-46AD-ADEF-96A84C583842}.Release|x64.Build.0 = Release|x64
		{18E014FB-853C-46AD-ADEF-96A84C583842}.Release|x86.ActiveCfg = Release|Win32
		{18E014FB-853C-46AD-ADEF-96A84C583842}.Release|x86.Build.0 = Release|Win32
		{8CE0ECAF-58F1-4949-BC92-B1DE535602AA}.Debug|x64.ActiveCfg = Debug|x64
		{8CE0ECAF-58F1-4949-BC92-B1DE535602AA}.Debug|x64.Build.0 = Debug|x64
		{8CE0ECAF-58F1-4949-BC92-B1DE535602AA}.Debug|x86.ActiveCfg = Debug|Win32
		{8CE0ECAF-58F1-4949-BC92-B1DE535602AA}.Debug|x86.Build.0 = Debug|Win32
		{8CE0ECAF-58F1-4949-BC92-B1DE535602AA}.Release|x64.ActiveCfg = Release|x64
		{8CE0ECAF-58F1-4949-BC92-B1DE535602AA}.Release|x64.Build.0 = Release|x64
		{8CE0ECAF-58F1-4949-BC92-B1DE535602AA}.Release|x86.ActiveCfg = Release|Win32
		{8CE0ECAF-58F1-4949-BC92-B1DE535602AA}.Release|x86.Build.0 = Release|Win32
		{40364F1D-DB48-4EDB-91F1-51A683613EF2}.Debug|x64.ActiveCfg = Debug|x64
		{40364F1D-DB48-4EDB-91F1-51A683613EF2}.Debug|x64.Build.0 = Debug|x64
		{40364F1D-DB48-4EDB-91F1-51A683613EF2}.Debug|x86.ActiveCfg = Debug|Win32
		{40364F1D-DB48-4EDB-91F1-51A683613EF2}.Debug|x86.Build.0 = Debug|Win32
		{40364F1D-DB48-4EDB-91F1-51A683613EF2}.Release|x64.ActiveCfg = Release|x64
		{40364F1D-DB48-4EDB-91F1-51A683613EF2}.Release|x64.Build.0 = Release|x64
		{40364F1D-DB48-4EDB-91F1-51A683613EF2}.Release|x86.ActiveCfg = Release|Win32
		{40364F1D-DB48-4EDB-91F1-51A683613EF2}.Release|x86.Build.0 = Release|Win32
		{0A60B889-C627-41D9-894F-D75066CAA15D}.Debug|x64.ActiveCfg = Debug|x64
		{0A60B889-C627-41D9-894F-D75066CAA15D}.Debug|x64.Build.0 = Debug|x64
		{0A60B889-C627-41D9-894F-D75066CAA15D}.Debug|x86.ActiveCfg = Debug|Win32
		{0A60B889-C627-41D9-894F-D75066CAA15D}.Debug|x86.Build.0 = Debug|Win32
		{0A60B889-C627-41D9-894F-D75066CAA15D}.Release|x64.ActiveCfg = Release|x64
		{0A60B889-C627-41D9-894F-D75066CAA15D}.Release|x64.Build.0 = Release|x64
		{0A60B889-C627-41D9-894F-D75066CAA15D}.Release|x86.ActiveCfg = Release|Win32
		{0A60B889-C627-41D9-894F-D75066CAA15D}.Release|x86.Build.0 = Release|Win32
		{37F3241A-F826-46A6-9901-0E544D2F99AE}.Debug|x64.ActiveCfg = Debug|x64
		{37F3241A-F826-46A6-9901-0E544D2F99AE}.Debug|x64.Build.0 = Debug|x64
		{37F3241A-F826-46A6-9901-0E544D2F99AE}.Debug|x86.ActiveCfg = Debug|Win32
		{37F3241A-F826-46A6-9901-0E544D2F99AE}.Debug|x86.Build.0 = Debug|Win32
		{37F3241A-F826-46A6-9901-0E544D2F99AE}.Release|x64.ActiveCfg = Release|x64
		{37F3241A-F826-46A6-9901-0E544D2F99AE}.Release|x64.Build.0 = Release|x64
		{37F3241A-F826-46A6-9901-0E544D2F99AE}.Release|x86.ActiveCfg = Release|Win32
		{37F3241A-F826-46A6-9901-0E544D2F99AE}.Release|x86.Build.0 = Release|Win32
		{89F939AF-2250-4411-B178-66E1BA6576E1}.Debug|x64.ActiveCfg = Debug|x64
		{89F939AF-2250-4411-B178-66E1BA6576E1}.Debug|x64.Build.0 = Debug|x64
		{89F939AF-2250-4411-B178-66E1BA6576E1}.Debug|x86.ActiveCfg = Debug|Win32
		{89F939AF-2250-4411-B178-66E1BA6576E1}.Debug|x86.Build.0 = Debug|Win32
		{89F939AF-2250-4411-B178-66E1BA6576E1}.Release|x64.ActiveCfg = Release|x64
		{89F939AF-2250-4411-B178-66E1BA6576E1}.Release|x64.Build.0 = Release|x64
		{89F939AF-2250-4411-B178-66E1BA6576E1}.Release|x86.ActiveCfg = Release|Win32
		{89F939AF-2250-4411-B178-66E1BA6576E1}.Release|x86.Build.0 = Release|Win32
		{BCB3B2F8-C3C6-42E4-93D4-BA5BE93E8A63}.Debug|x64.ActiveCfg = Debug|x64
		{BCB3B2F8-C3C6-42E4-93D4-BA5BE93E8A63}.Debug|x64.Build.0 = Debug|x64
		{BCB3B2F8-C3C6-42E4-93D4-BA5BE93E8A63}.Debug|x86.ActiveCfg = Debug|Win32
		{BCB3B2F8-C3C6-42E4-93D4-BA5BE93E8A63}.Debug|x86.Build.0 = Debug|Win32
		{BCB3B2F8-C3C6-42E4-93D4-BA5BE93E8A63}.Release|x64.ActiveCfg = Release|x64
		{BCB3B2F8-C3C6-42E4-93D4-BA5BE93E8A63}.Release|x64.Build.0 = Release|x64
		{BCB3B2F8-C3C6-42E4-93D4-BA5BE93E8A63}.Release|x86.ActiveCfg = Release|Win32
		{BCB3B2F8-C3C6-42E4-93D4-BA5BE93E8A63}.Release|x86.Build.0 = Release|Win32
		{C60B3BEA-C881-44F1-BDC5-F0A46B196BEA}.Debug|x64.ActiveCfg = Debug|x64
		{C60B3BEA-C881-44F1-BDC5-F0A46B196BEA}.Debug|x64.Build.0 = Debug|x64
		{C60B3BEA-C881-44F1-BDC5-F0A46B196BEA}.Debug|x86.ActiveCfg = Debug|Win32
		{C60B3BEA-C881-44F1-BDC5-F0A46B196BEA}.Debug|x86.Build.0 = Debug|Win32
		{C60B3BEA-C881-44F1-BDC5-F0A46B196BEA}.Release|x64.ActiveCfg = Release|x64
		{C60B3BEA-C881-44F1-BDC5-F0A46B196BEA}.Release|x64.Build.0 = Release|x64
		{C60B3BEA-C881-44F1-BDC5-F0A46B196BEA}.Release|x86.ActiveCfg = Release|Win32
		{C60B3BEA-C881-44F1-BDC5-F0A46B196BEA}.Release|x86.Build.0 = Release|Win32
		{BCE7D78B-37F5-4DCF-93F8-3E069938FFD8}.Debug|x64.ActiveCfg = Debug|x64
		{BCE7D78B-37F5-4DCF-93F8-3E069938FFD8}.Debug|x64.Build.0 = Debug|x64
		{BCE7D78B-37F5-4DCF-93F8-3E069938FFD8}.Debug|x86.ActiveCfg = Debug|Win32
		{BCE7D78B-37F5-4DCF-93F8-3E069938FFD8}.Debug|x86.Build.0 = Debug|Win32
		{BCE7D78B-37F5-4DCF-93F8-3E069938FFD8}.Release|x64.ActiveCfg = Release|x64
		{BCE7D78B-37F5-4DCF-93F8-3E069938FFD8}.Release|x64.Build.0 = Release|x64
		{BCE7D78B-37F5-4DCF-93F8-3E069938FFD8}.Release|x86.ActiveCfg = Release|Win32
		{BCE7D78B-37F5-4DCF-93F8-3E069938FFD8}.Release|x86.Build.0 = Release|Win32
		{DC4C7BC3-036B-4C88-8C80-AD85A4E35B31}.Debug|x64.ActiveCfg = Debug|x64
		{DC4C7BC3-036B-4C88-8C80-AD85A4E35B31}.Debug|x64.Build.0 = Debug|x64
		{DC4C7BC3-036B-4C88-8C80-AD85A4E35B31}.Debug|x86.ActiveCfg = Debug|Win32
		{DC4C7BC3-036B-4C88-8C80-AD85A4E35B31}.Debug|x86.Build.0 = Debug|Win32
		{DC4C7BC3-036B-4C88-8C80-AD85A4E35B31}.Release|x64.ActiveCfg = Release|x64
		{DC4C7BC3-036B-4C88-8C80-AD85A4E35B31}.Release|x64.Build.0 = Release|x64
		{DC4C7BC3-036B-4C88-8C80-AD85A4E35B31}.Release|x86.ActiveCfg = Release|Win32
		{DC4C7BC3-036B-4C88-8C80-AD85A4E35B31}.Release|x86.Build.0 = Release|Win32
	EndGlobalSection
	GlobalSection(SolutionProperties) = preSolution
		HideSolutionNode = FALSE
	EndGlobalSection
	GlobalSection(ExtensibilityGlobals) = postSolution
		SolutionGuid = {8D77FC9C-938B-4A70-A307-A91EAB49D133}
	EndGlobalSection
EndGlobal
